
Microsoft Visual Studio Solution File, Format Version 12.00
# Visual Studio Version 17
VisualStudioVersion = 17.14.36616.10 d17.14
MinimumVisualStudioVersion = 10.0.40219.1
Project("{FAE04EC0-301F-11D3-BF4B-00C04F79EFBC}") = "NBE", "NBE.csproj", "{ADB90E06-ADBB-4A1A-A0DA-71B75BD8B201}"
EndProject
Global
	GlobalSection(SolutionConfigurationPlatforms) = preSolution
		Debug|Any CPU = Debug|Any CPU
		Release|Any CPU = Release|Any CPU
	EndGlobalSection
	GlobalSection(ProjectConfigurationPlatforms) = postSolution
		{ADB90E06-ADBB-4A1A-A0DA-71B75BD8B201}.Debug|Any CPU.ActiveCfg = Debug|Any CPU
		{ADB90E06-ADBB-4A1A-A0DA-71B75BD8B201}.Debug|Any CPU.Build.0 = Debug|Any CPU
		{ADB90E06-ADBB-4A1A-A0DA-71B75BD8B201}.Release|Any CPU.ActiveCfg = Release|Any CPU
		{ADB90E06-ADBB-4A1A-A0DA-71B75BD8B201}.Release|Any CPU.Build.0 = Release|Any CPU
	EndGlobalSection
	GlobalSection(SolutionProperties) = preSolution
		HideSolutionNode = FALSE
	EndGlobalSection
	GlobalSection(ExtensibilityGlobals) = postSolution
		SolutionGuid = {5826B15A-7A40-4F85-89FB-22B28B169955}
	EndGlobalSection
EndGlobal
